PODS:
  - albedo_flutter (0.0.1)
  - FlutterMacOS (1.0.0)

DEPENDENCIES:
  - albedo_flutter (from `Flutter/ephemeral/.symlinks/plugins/albedo_flutter/macos`)
  - FlutterMacOS (from `Flutter/ephemeral`)

EXTERNAL SOURCES:
  albedo_flutter:
    :path: Flutter/ephemeral/.symlinks/plugins/albedo_flutter/macos
  FlutterMacOS:
    :path: Flutter/ephemeral

SPEC CHECKSUMS:
  albedo_flutter: c02aa7d22c4d0010b82e00a1e495059bcbdf40c7
  FlutterMacOS: d0db08ddef1a9af05a5ec4b724367152bb0500b1

PODFILE CHECKSUM: 54d867c82ac51cbd61b565781b9fada492027009

COCOAPODS: 1.17.0
